
Microsoft Visual Studio Solution File, Format Version 12.00
# Visual Studio Version 17
VisualStudioVersion = 17.5.002.0
MinimumVisualStudioVersion = 10.0.40219.1
Project("{9A19103F-16F7-4668-BE54-9A1E7A4F7556}") = "aula_1", "aula_1.csproj", "{D13EC24B-5010-424E-B027-957B407B5C53}"
EndProject
Global
	GlobalSection(SolutionConfigurationPlatforms) = preSolution
		Debug|Any CPU = Debug|Any CPU
		Release|Any CPU = Release|Any CPU
	EndGlobalSection
	GlobalSection(ProjectConfigurationPlatforms) = postSolution
		{D13EC24B-5010-424E-B027-957B407B5C53}.Debug|Any CPU.ActiveCfg = Debug|Any CPU
		{D13EC24B-5010-424E-B027-957B407B5C53}.Debug|Any CPU.Build.0 = Debug|Any CPU
		{D13EC24B-5010-424E-B027-957B407B5C53}.Release|Any CPU.ActiveCfg = Release|Any CPU
		{D13EC24B-5010-424E-B027-957B407B5C53}.Release|Any CPU.Build.0 = Release|Any CPU
	EndGlobalSection
	GlobalSection(SolutionProperties) = preSolution
		HideSolutionNode = FALSE
	EndGlobalSection
	GlobalSection(ExtensibilityGlobals) = postSolution
		SolutionGuid = {0017EFB6-81C7-4AF3-9BB6-6693DA943EA9}
	EndGlobalSection
EndGlobal
